// !$*UTF8*$!
{
	archiveVersion = 1;
	classes = {
	};
	objectVersion = 46;
	objects = {

/* Begin PBXBuildFile section */
		17CEC1E81A8DAF1400F7F4B4 /* AppDelegate.swift in Sources */ = {isa = PBXBuildFile; fileRef = 17CEC1E71A8DAF1400F7F4B4 /* AppDelegate.swift */; };
		17CEC1EA1A8DAF1400F7F4B4 /* ViewController.swift in Sources */ = {isa = PBXBuildFile; fileRef = 17CEC1E91A8DAF1400F7F4B4 /* ViewController.swift */; };
		17CEC1ED1A8DAF1400F7F4B4 /* Main.storyboard in Resources */ = {isa = PBXBuildFile; fileRef = 17CEC1EB1A8DAF1400F7F4B4 /* Main.storyboard */; };
		17CEC1EF1A8DAF1400F7F4B4 /* Images.xcassets in Resources */ = {isa = PBXBuildFile; fileRef = 17CEC1EE1A8DAF1400F7F4B4 /* Images.xcassets */; };
		17CEC1F21A8DAF1400F7F4B4 /* LaunchScreen.xib in Resources */ = {isa = PBXBuildFile; fileRef = 17CEC1F01A8DAF1400F7F4B4 /* LaunchScreen.xib */; };
		17CEC1FE1A8DAF1400F7F4B4 /* Team4001Tests.swift in Sources */ = {isa = PBXBuildFile; fileRef = 17CEC1FD1A8DAF1400F7F4B4 /* Team4001Tests.swift */; };
/* End PBXBuildFile section */

/* Begin PBXContainerItemProxy section */
		17CEC1F81A8DAF1400F7F4B4 /* PBXContainerItemProxy */ = {
			isa = PBXContainerItemProxy;
			containerPortal = 17CEC1DA1A8DAF1400F7F4B4 /* Project object */;
			proxyType = 1;
			remoteGlobalIDString = 17CEC1E11A8DAF1400F7F4B4;
			remoteInfo = Team4001;
		};
/* End PBXContainerItemProxy section */

/* Begin PBXFileReference section */
		17CEC1E21A8DAF1400F7F4B4 /* Team4001.app */ = {isa = PBXFileReference; explicitFileType = wrapper.application; includeInIndex = 0; path = Team4001.app; sourceTree = BUILT_PRODUCTS_DIR; };
		17CEC1E61A8DAF1400F7F4B4 /* Info.plist */ = {isa = PBXFileReference; lastKnownFileType = text.plist.xml; path = Info.plist; sourceTree = "<group>"; };
		17CEC1E71A8DAF1400F7F4B4 /* AppDelegate.swift */ = {isa = PBXFileReference; lastKnownFileType = sourcecode.swift; path = AppDelegate.swift; sourceTree = "<group>"; };
		17CEC1E91A8DAF1400F7F4B4 /* ViewController.swift */ = {isa = PBXFileReference; lastKnownFileType = sourcecode.swift; path = ViewController.swift; sourceTree = "<group>"; };
		17CEC1EC1A8DAF1400F7F4B4 /* Base */ = {isa = PBXFileReference; lastKnownFileType = file.storyboard; name = Base; path = Base.lproj/Main.storyboard; sourceTree = "<group>"; };
		17CEC1EE1A8DAF1400F7F4B4 /* Images.xcassets */ = {isa = PBXFileReference; lastKnownFileType = folder.assetcatalog; path = Images.xcassets; sourceTree = "<group>"; };
		17CEC1F11A8DAF1400F7F4B4 /* Base */ = {isa = PBXFileReference; lastKnownFileType = file.xib; name = Base; path = Base.lproj/LaunchScreen.xib; sourceTree = "<group>"; };
		17CEC1F71A8DAF1400F7F4B4 /* Team4001Tests.xctest */ = {isa = PBXFileReference; explicitFileType = wrapper.cfbundle; includeInIndex = 0; path = Team4001Tests.xctest; sourceTree = BUILT_PRODUCTS_DIR; };
		17CEC1FC1A8DAF1400F7F4B4 /* Info.plist */ = {isa = PBXFileReference; lastKnownFileType = text.plist.xml; path = Info.plist; sourceTree = "<group>"; };
		17CEC1FD1A8DAF1400F7F4B4 /* Team4001Tests.swift */ = {isa = PBXFileReference; lastKnownFileType = sourcecode.swift; path = Team4001Tests.swift; sourceTree = "<group>"; };
/* End PBXFileReference section */

/* Begin PBXFrameworksBuildPhase section */
		17CEC1DF1A8DAF1400F7F4B4 /* Frameworks */ = {
			isa = PBXFrameworksBuildPhase;
			buildActionMask = 2147483647;
			files = (
			);
			runOnlyForDeploymentPostprocessing = 0;
		};
		17CEC1F41A8DAF1400F7F4B4 /* Frameworks */ = {
			isa = PBXFrameworksBuildPhase;
			buildActionMask = 2147483647;
			files = (
			);
			runOnlyForDeploymentPostprocessing = 0;
		};
/* End PBXFrameworksBuildPhase section */

/* Begin PBXGroup section */
		17CEC1D91A8DAF1400F7F4B4 = {
			isa = PBXGroup;
			children = (
				17CEC1E41A8DAF1400F7F4B4 /* Team4001 */,
				17CEC1FA1A8DAF1400F7F4B4 /* Team4001Tests */,
				17CEC1E31A8DAF1400F7F4B4 /* Products */,
			);
			sourceTree = "<group>";
		};
		17CEC1E31A8DAF1400F7F4B4 /* Products */ = {
			isa = PBXGroup;
			children = (
				17CEC1E21A8DAF1400F7F4B4 /* Team4001.app */,
				17CEC1F71A8DAF1400F7F4B4 /* Team4001Tests.xctest */,
			);
			name = Products;
			sourceTree = "<group>";
		};
		17CEC1E41A8DAF1400F7F4B4 /* Team4001 */ = {
			isa = PBXGroup;
			children = (
				17CEC1E71A8DAF1400F7F4B4 /* AppDelegate.swift */,
				17CEC1E91A8DAF1400F7F4B4 /* ViewController.swift */,
				17CEC1EB1A8DAF1400F7F4B4 /* Main.storyboard */,
				17CEC1EE1A8DAF1400F7F4B4 /* Images.xcassets */,
				17CEC1F01A8DAF1400F7F4B4 /* LaunchScreen.xib */,
				17CEC1E51A8DAF1400F7F4B4 /* Supporting Files */,
			);
			path = Team4001;
			sourceTree = "<group>";
		};
		17CEC1E51A8DAF1400F7F4B4 /* Supporting Files */ = {
			isa = PBXGroup;
			children = (
				17CEC1E61A8DAF1400F7F4B4 /* Info.plist */,
			);
			name = "Supporting Files";
			sourceTree = "<group>";
		};
		17CEC1FA1A8DAF1400F7F4B4 /* Team4001Tests */ = {
			isa = PBXGroup;
			children = (
				17CEC1FD1A8DAF1400F7F4B4 /* Team4001Tests.swift */,
				17CEC1FB1A8DAF1400F7F4B4 /* Supporting Files */,
			);
			path = Team4001Tests;
			sourceTree = "<group>";
		};
		17CEC1FB1A8DAF1400F7F4B4 /* Supporting Files */ = {
			isa = PBXGroup;
			children = (
				17CEC1FC1A8DAF1400F7F4B4 /* Info.plist */,
			);
			name = "Supporting Files";
			sourceTree = "<group>";
		};
/* End PBXGroup section */

/* Begin PBXNativeTarget section */
		17CEC1E11A8DAF1400F7F4B4 /* Team4001 */ = {
			isa = PBXNativeTarget;
			buildConfigurationList = 17CEC2011A8DAF1400F7F4B4 /* Build configuration list for PBXNativeTarget "Team4001" */;
			buildPhases = (
				17CEC1DE1A8DAF1400F7F4B4 /* Sources */,
				17CEC1DF1A8DAF1400F7F4B4 /* Frameworks */,
				17CEC1E01A8DAF1400F7F4B4 /* Resources */,
			);
			buildRules = (
			);
			dependencies = (
			);
			name = Team4001;
			productName = Team4001;
			productReference = 17CEC1E21A8DAF1400F7F4B4 /* Team4001.app */;
			productType = "com.apple.product-type.application";
		};
		17CEC1F61A8DAF1400F7F4B4 /* Team4001Tests */ = {
			isa = PBXNativeTarget;
			buildConfigurationList = 17CEC2041A8DAF1400F7F4B4 /* Build configuration list for PBXNativeTarget "Team4001Tests" */;
			buildPhases = (
				17CEC1F31A8DAF1400F7F4B4 /* Sources */,
				17CEC1F41A8DAF1400F7F4B4 /* Frameworks */,
				17CEC1F51A8DAF1400F7F4B4 /* Resources */,
			);
			buildRules = (
			);
			dependencies = (
				17CEC1F91A8DAF1400F7F4B4 /* PBXTargetDependency */,
			);
			name = Team4001Tests;
			productName = Team4001Tests;
			productReference = 17CEC1F71A8DAF1400F7F4B4 /* Team4001Tests.xctest */;
			productType = "com.apple.product-type.bundle.unit-test";
		};
/* End PBXNativeTarget section */

/* Begin PBXProject section */
		17CEC1DA1A8DAF1400F7F4B4 /* Project object */ = {
			isa = PBXProject;
			attributes = {
				LastUpgradeCheck = 0610;
				ORGANIZATIONNAME = FRC4001;
				TargetAttributes = {
					17CEC1E11A8DAF1400F7F4B4 = {
						CreatedOnToolsVersion = 6.1.1;
					};
					17CEC1F61A8DAF1400F7F4B4 = {
						CreatedOnToolsVersion = 6.1.1;
						TestTargetID = 17CEC1E11A8DAF1400F7F4B4;
					};
				};
			};
			buildConfigurationList = 17CEC1DD1A8DAF1400F7F4B4 /* Build configuration list for PBXProject "Team4001" */;
			compatibilityVersion = "Xcode 3.2";
			developmentRegion = English;
			hasScannedForEncodings = 0;
			knownRegions = (
				en,
				Base,
			);
			mainGroup = 17CEC1D91A8DAF1400F7F4B4;
			productRefGroup = 17CEC1E31A8DAF1400F7F4B4 /* Products */;
			projectDirPath = "";
			projectRoot = "";
			targets = (
				17CEC1E11A8DAF1400F7F4B4 /* Team4001 */,
				17CEC1F61A8DAF1400F7F4B4 /* Team4001Tests */,
			);
		};
/* End PBXProject section */

/* Begin PBXResourcesBuildPhase section */
		17CEC1E01A8DAF1400F7F4B4 /* Resources */ = {
			isa = PBXResourcesBuildPhase;
			buildActionMask = 2147483647;
			files = (
				17CEC1ED1A8DAF1400F7F4B4 /* Main.storyboard in Resources */,
				17CEC1F21A8DAF1400F7F4B4 /* LaunchScreen.xib in Resources */,
				17CEC1EF1A8DAF1400F7F4B4 /* Images.xcassets in Resources */,
			);
			runOnlyForDeploymentPostprocessing = 0;
		};
		17CEC1F51A8DAF1400F7F4B4 /* Resources */ = {
			isa = PBXResourcesBuildPhase;
			buildActionMask = 2147483647;
			files = (
			);
			runOnlyForDeploymentPostprocessing = 0;
		};
/* End PBXResourcesBuildPhase section */

/* Begin PBXSourcesBuildPhase section */
		17CEC1DE1A8DAF1400F7F4B4 /* Sources */ = {
			isa = PBXSourcesBuildPhase;
			buildActionMask = 2147483647;
			files = (
				17CEC1EA1A8DAF1400F7F4B4 /* ViewController.swift in Sources */,
				17CEC1E81A8DAF1400F7F4B4 /* AppDelegate.swift in Sources */,
			);
			runOnlyForDeploymentPostprocessing = 0;
		};
		17CEC1F31A8DAF1400F7F4B4 /* Sources */ = {
			isa = PBXSourcesBuildPhase;
			buildActionMask = 2147483647;
			files = (
				17CEC1FE1A8DAF1400F7F4B4 /* Team4001Tests.swift in Sources */,
			);
			runOnlyForDeploymentPostprocessing = 0;
		};
/* End PBXSourcesBuildPhase section */

/* Begin PBXTargetDependency section */
		17CEC1F91A8DAF1400F7F4B4 /* PBXTargetDependency */ = {
			isa = PBXTargetDependency;
			target = 17CEC1E11A8DAF1400F7F4B4 /* Team4001 */;
			targetProxy = 17CEC1F81A8DAF1400F7F4B4 /* PBXContainerItemProxy */;
		};
/* End PBXTargetDependency section */

/* Begin PBXVariantGroup section */
		17CEC1EB1A8DAF1400F7F4B4 /* Main.storyboard */ = {
			isa = PBXVariantGroup;
			children = (
				17CEC1EC1A8DAF1400F7F4B4 /* Base */,
			);
			name = Main.storyboard;
			sourceTree = "<group>";
		};
		17CEC1F01A8DAF1400F7F4B4 /* LaunchScreen.xib */ = {
			isa = PBXVariantGroup;
			children = (
				17CEC1F11A8DAF1400F7F4B4 /* Base */,
			);
			name = LaunchScreen.xib;
			sourceTree = "<group>";
		};
/* End PBXVariantGroup section */

/* Begin XCBuildConfiguration section */
		17CEC1FF1A8DAF1400F7F4B4 /* Debug */ = {
			isa = XCBuildConfiguration;
			buildSettings = {
				ALWAYS_SEARCH_USER_PATHS = NO;
				CLANG_CXX_LANGUAGE_STANDARD = "gnu++0x";
				CLANG_CXX_LIBRARY = "libc++";
				CLANG_ENABLE_MODULES = YES;
				CLANG_ENABLE_OBJC_ARC = YES;
				CLANG_WARN_BOOL_CONVERSION = YES;
				CLANG_WARN_CONSTANT_CONVERSION = YES;
				CLANG_WARN_DIRECT_OBJC_ISA_USAGE = YES_ERROR;
				CLANG_WARN_EMPTY_BODY = YES;
				CLANG_WARN_ENUM_CONVERSION = YES;
				CLANG_WARN_INT_CONVERSION = YES;
				CLANG_WARN_OBJC_ROOT_CLASS = YES_ERROR;
				CLANG_WARN_UNREACHABLE_CODE = YES;
				CLANG_WARN__DUPLICATE_METHOD_MATCH = YES;
				"CODE_SIGN_IDENTITY[sdk=iphoneos*]" = "iPhone Developer";
				COPY_PHASE_STRIP = NO;
				ENABLE_STRICT_OBJC_MSGSEND = YES;
				GCC_C_LANGUAGE_STANDARD = gnu99;
				GCC_DYNAMIC_NO_PIC = NO;
				GCC_OPTIMIZATION_LEVEL = 0;
				GCC_PREPROCESSOR_DEFINITIONS = (
					"DEBUG=1",
					"$(inherited)",
				);
				GCC_SYMBOLS_PRIVATE_EXTERN = NO;
				GCC_WARN_64_TO_32_BIT_CONVERSION = YES;
				GCC_WARN_ABOUT_RETURN_TYPE = YES_ERROR;
				GCC_WARN_UNDECLARED_SELECTOR = YES;
				GCC_WARN_UNINITIALIZED_AUTOS = YES_AGGRESSIVE;
				GCC_WARN_UNUSED_FUNCTION = YES;
				GCC_WARN_UNUSED_VARIABLE = YES;
				IPHONEOS_DEPLOYMENT_TARGET = 8.1;
				MTL_ENABLE_DEBUG_INFO = YES;
				ONLY_ACTIVE_ARCH = YES;
				SDKROOT = iphoneos;
				SWIFT_OPTIMIZATION_LEVEL = "-Onone";
				TARGETED_DEVICE_FAMILY = 2;
			};
			name = Debug;
		};
		17CEC2001A8DAF1400F7F4B4 /* Release */ = {
			isa = XCBuildConfiguration;
			buildSettings = {
				ALWAYS_SEARCH_USER_PATHS = NO;
				CLANG_CXX_LANGUAGE_STANDARD = "gnu++0x";
				CLANG_CXX_LIBRARY = "libc++";
				CLANG_ENABLE_MODULES = YES;
				CLANG_ENABLE_OBJC_ARC = YES;
				CLANG_WARN_BOOL_CONVERSION = YES;
				CLANG_WARN_CONSTANT_CONVERSION = YES;
				CLANG_WARN_DIRECT_OBJC_ISA_USAGE = YES_ERROR;
				CLANG_WARN_EMPTY_BODY = YES;
				CLANG_WARN_ENUM_CONVERSION = YES;
				CLANG_WARN_INT_CONVERSION = YES;
				CLANG_WARN_OBJC_ROOT_CLASS = YES_ERROR;
				CLANG_WARN_UNREACHABLE_CODE = YES;
				CLANG_WARN__DUPLICATE_METHOD_MATCH = YES;
				"CODE_SIGN_IDENTITY[sdk=iphoneos*]" = "iPhone Developer";
				COPY_PHASE_STRIP = YES;
				ENABLE_NS_ASSERTIONS = NO;
				ENABLE_STRICT_OBJC_MSGSEND = YES;
				GCC_C_LANGUAGE_STANDARD = gnu99;
				GCC_WARN_64_TO_32_BIT_CONVERSION = YES;
				GCC_WARN_ABOUT_RETURN_TYPE = YES_ERROR;
				GCC_WARN_UNDECLARED_SELECTOR = YES;
				GCC_WARN_UNINITIALIZED_AUTOS = YES_AGGRESSIVE;
				GCC_WARN_UNUSED_FUNCTION = YES;
				GCC_WARN_UNUSED_VARIABLE = YES;
				IPHONEOS_DEPLOYMENT_TARGET = 8.1;
				MTL_ENABLE_DEBUG_INFO = NO;
				SDKROOT = iphoneos;
				TARGETED_DEVICE_FAMILY = 2;
				VALIDATE_PRODUCT = YES;
			};
			name = Release;
		};
		17CEC2021A8DAF1400F7F4B4 /* Debug */ = {
			isa = XCBuildConfiguration;
			buildSettings = {
				ASSETCATALOG_COMPILER_APPICON_NAME = AppIcon;
				INFOPLIST_FILE = Team4001/Info.plist;
				LD_RUNPATH_SEARCH_PATHS = "$(inherited) @executable_path/Frameworks";
				PRODUCT_NAME = "$(TARGET_NAME)";
			};
			name = Debug;
		};
		17CEC2031A8DAF1400F7F4B4 /* Release */ = {
			isa = XCBuildConfiguration;
			buildSettings = {
				ASSETCATALOG_COMPILER_APPICON_NAME = AppIcon;
				INFOPLIST_FILE = Team4001/Info.plist;
				LD_RUNPATH_SEARCH_PATHS = "$(inherited) @executable_path/Frameworks";
				PRODUCT_NAME = "$(TARGET_NAME)";
			};
			name = Release;
		};
		17CEC2051A8DAF1400F7F4B4 /* Debug */ = {
			isa = XCBuildConfiguration;
			buildSettings = {
				BUNDLE_LOADER = "$(TEST_HOST)";
				FRAMEWORK_SEARCH_PATHS = (
					"$(SDKROOT)/Developer/Library/Frameworks",
					"$(inherited)",
				);
				GCC_PREPROCESSOR_DEFINITIONS = (
					"DEBUG=1",
					"$(inherited)",
				);
				INFOPLIST_FILE = Team4001Tests/Info.plist;
				LD_RUNPATH_SEARCH_PATHS = "$(inherited) @executable_path/Frameworks @loader_path/Frameworks";
				PRODUCT_NAME = "$(TARGET_NAME)";
				TEST_HOST = "$(BUILT_PRODUCTS_DIR)/Team4001.app/Team4001";
			};
			name = Debug;
		};
		17CEC2061A8DAF1400F7F4B4 /* Release */ = {
			isa = XCBuildConfiguration;
			buildSettings = {
				BUNDLE_LOADER = "$(TEST_HOST)";
				FRAMEWORK_SEARCH_PATHS = (
					"$(SDKROOT)/Developer/Library/Frameworks",
					"$(inherited)",
				);
				INFOPLIST_FILE = Team4001Tests/Info.plist;
				LD_RUNPATH_SEARCH_PATHS = "$(inherited) @executable_path/Frameworks @loader_path/Frameworks";
				PRODUCT_NAME = "$(TARGET_NAME)";
				TEST_HOST = "$(BUILT_PRODUCTS_DIR)/Team4001.app/Team4001";
			};
			name = Release;
		};
/* End XCBuildConfiguration section */

/* Begin XCConfigurationList section */
		17CEC1DD1A8DAF1400F7F4B4 /* Build configuration list for PBXProject "Team4001" */ = {
			isa = XCConfigurationList;
			buildConfigurations = (
				17CEC1FF1A8DAF1400F7F4B4 /* Debug */,
				17CEC2001A8DAF1400F7F4B4 /* Release */,
			);
			defaultConfigurationIsVisible = 0;
			defaultConfigurationName = Release;
		};
		17CEC2011A8DAF1400F7F4B4 /* Build configuration list for PBXNativeTarget "Team4001" */ = {
			isa = XCConfigurationList;
			buildConfigurations = (
				17CEC2021A8DAF1400F7F4B4 /* Debug */,
				17CEC2031A8DAF1400F7F4B4 /* Release */,
			);
			defaultConfigurationIsVisible = 0;
		};
		17CEC2041A8DAF1400F7F4B4 /* Build configuration list for PBXNativeTarget "Team4001Tests" */ = {
			isa = XCConfigurationList;
			buildConfigurations = (
				17CEC2051A8DAF1400F7F4B4 /* Debug */,
				17CEC2061A8DAF1400F7F4B4 /* Release */,
			);
			defaultConfigurationIsVisible = 0;
		};
/* End XCConfigurationList section */
	};
	rootObject = 17CEC1DA1A8DAF1400F7F4B4 /* Project object */;
}
